// !$*UTF8*$!
{
	archiveVersion = 1;
	classes = {
	};
	objectVersion = 46;
	objects = {

/* Begin PBXBuildFile section */
		953BC05B18B73141004E4958 /* Foundation.framework in Frameworks */ = {isa = PBXBuildFile; fileRef = 953BC05A18B73141004E4958 /* Foundation.framework */; };
		953BC05D18B73141004E4958 /* CoreGraphics.framework in Frameworks */ = {isa = PBXBuildFile; fileRef = 953BC05C18B73141004E4958 /* CoreGraphics.framework */; };
		953BC05F18B73141004E4958 /* UIKit.framework in Frameworks */ = {isa = PBXBuildFile; fileRef = 953BC05E18B73141004E4958 /* UIKit.framework */; };
		953BC06518B73141004E4958 /* InfoPlist.strings in Resources */ = {isa = PBXBuildFile; fileRef = 953BC06318B73141004E4958 /* InfoPlist.strings */; };
		953BC06718B73141004E4958 /* main.m in Sources */ = {isa = PBXBuildFile; fileRef = 953BC06618B73141004E4958 /* main.m */; };
		953BC06B18B73141004E4958 /* DDAppDelegate.m in Sources */ = {isa = PBXBuildFile; fileRef = 953BC06A18B73141004E4958 /* DDAppDelegate.m */; };
		953BC06D18B73141004E4958 /* Images.xcassets in Resources */ = {isa = PBXBuildFile; fileRef = 953BC06C18B73141004E4958 /* Images.xcassets */; };
		953BC07418B73141004E4958 /* XCTest.framework in Frameworks */ = {isa = PBXBuildFile; fileRef = 953BC07318B73141004E4958 /* XCTest.framework */; };
		953BC07518B73141004E4958 /* Foundation.framework in Frameworks */ = {isa = PBXBuildFile; fileRef = 953BC05A18B73141004E4958 /* Foundation.framework */; };
		953BC07618B73141004E4958 /* UIKit.framework in Frameworks */ = {isa = PBXBuildFile; fileRef = 953BC05E18B73141004E4958 /* UIKit.framework */; };
		953BC07E18B73141004E4958 /* InfoPlist.strings in Resources */ = {isa = PBXBuildFile; fileRef = 953BC07C18B73141004E4958 /* InfoPlist.strings */; };
		953BC08018B73141004E4958 /* _UI________Tests.m in Sources */ = {isa = PBXBuildFile; fileRef = 953BC07F18B73141004E4958 /* _UI________Tests.m */; };
		953BC08B18B7316F004E4958 /* DDRootViewController.m in Sources */ = {isa = PBXBuildFile; fileRef = 953BC08A18B7316F004E4958 /* DDRootViewController.m */; };
/* End PBXBuildFile section */

/* Begin PBXContainerItemProxy section */
		953BC07718B73141004E4958 /* PBXContainerItemProxy */ = {
			isa = PBXContainerItemProxy;
			containerPortal = 953BC04F18B73141004E4958 /* Project object */;
			proxyType = 1;
			remoteGlobalIDString = 953BC05618B73141004E4958;
			remoteInfo = "「UI」高级动画-作业";
		};
/* End PBXContainerItemProxy section */

/* Begin PBXFileReference section */
		953BC05718B73141004E4958 /* 「UI」高级动画-作业.app */ = {isa = PBXFileReference; explicitFileType = wrapper.application; includeInIndex = 0; path = "「UI」高级动画-作业.app"; sourceTree = BUILT_PRODUCTS_DIR; };
		953BC05A18B73141004E4958 /* Foundation.framework */ = {isa = PBXFileReference; lastKnownFileType = wrapper.framework; name = Foundation.framework; path = System/Library/Frameworks/Foundation.framework; sourceTree = SDKROOT; };
		953BC05C18B73141004E4958 /* CoreGraphics.framework */ = {isa = PBXFileReference; lastKnownFileType = wrapper.framework; name = CoreGraphics.framework; path = System/Library/Frameworks/CoreGraphics.framework; sourceTree = SDKROOT; };
		953BC05E18B73141004E4958 /* UIKit.framework */ = {isa = PBXFileReference; lastKnownFileType = wrapper.framework; name = UIKit.framework; path = System/Library/Frameworks/UIKit.framework; sourceTree = SDKROOT; };
		953BC06218B73141004E4958 /* 「UI」高级动画-作业-Info.plist */ = {isa = PBXFileReference; lastKnownFileType = text.plist.xml; path = "「UI」高级动画-作业-Info.plist"; sourceTree = "<group>"; };
		953BC06418B73141004E4958 /* en */ = {isa = PBXFileReference; lastKnownFileType = text.plist.strings; name = en; path = en.lproj/InfoPlist.strings; sourceTree = "<group>"; };
		953BC06618B73141004E4958 /* main.m */ = {isa = PBXFileReference; lastKnownFileType = sourcecode.c.objc; path = main.m; sourceTree = "<group>"; };
		953BC06818B73141004E4958 /* 「UI」高级动画-作业-Prefix.pch */ = {isa = PBXFileReference; lastKnownFileType = sourcecode.c.h; path = "「UI」高级动画-作业-Prefix.pch"; sourceTree = "<group>"; };
		953BC06918B73141004E4958 /* DDAppDelegate.h */ = {isa = PBXFileReference; lastKnownFileType = sourcecode.c.h; path = DDAppDelegate.h; sourceTree = "<group>"; };
		953BC06A18B73141004E4958 /* DDAppDelegate.m */ = {isa = PBXFileReference; lastKnownFileType = sourcecode.c.objc; path = DDAppDelegate.m; sourceTree = "<group>"; };
		953BC06C18B73141004E4958 /* Images.xcassets */ = {isa = PBXFileReference; lastKnownFileType = folder.assetcatalog; path = Images.xcassets; sourceTree = "<group>"; };
		953BC07218B73141004E4958 /* 「UI」高级动画-作业Tests.xctest */ = {isa = PBXFileReference; explicitFileType = wrapper.cfbundle; includeInIndex = 0; path = "「UI」高级动画-作业Tests.xctest"; sourceTree = BUILT_PRODUCTS_DIR; };
		953BC07318B73141004E4958 /* XCTest.framework */ = {isa = PBXFileReference; lastKnownFileType = wrapper.framework; name = XCTest.framework; path = Library/Frameworks/XCTest.framework; sourceTree = DEVELOPER_DIR; };
		953BC07B18B73141004E4958 /* 「UI」高级动画-作业Tests-Info.plist */ = {isa = PBXFileReference; lastKnownFileType = text.plist.xml; path = "「UI」高级动画-作业Tests-Info.plist"; sourceTree = "<group>"; };
		953BC07D18B73141004E4958 /* en */ = {isa = PBXFileReference; lastKnownFileType = text.plist.strings; name = en; path = en.lproj/InfoPlist.strings; sourceTree = "<group>"; };
		953BC07F18B73141004E4958 /* _UI________Tests.m */ = {isa = PBXFileReference; lastKnownFileType = sourcecode.c.objc; path = "_UI________Tests.m"; sourceTree = "<group>"; };
		953BC08918B7316F004E4958 /* DDRootViewController.h */ = {isa = PBXFileReference; fileEncoding = 4; lastKnownFileType = sourcecode.c.h; path = DDRootViewController.h; sourceTree = "<group>"; };
		953BC08A18B7316F004E4958 /* DDRootViewController.m */ = {isa = PBXFileReference; fileEncoding = 4; lastKnownFileType = sourcecode.c.objc; path = DDRootViewController.m; sourceTree = "<group>"; };
/* End PBXFileReference section */

/* Begin PBXFrameworksBuildPhase section */
		953BC05418B73141004E4958 /* Frameworks */ = {
			isa = PBXFrameworksBuildPhase;
			buildActionMask = 2147483647;
			files = (
				953BC05D18B73141004E4958 /* CoreGraphics.framework in Frameworks */,
				953BC05F18B73141004E4958 /* UIKit.framework in Frameworks */,
				953BC05B18B73141004E4958 /* Foundation.framework in Frameworks */,
			);
			runOnlyForDeploymentPostprocessing = 0;
		};
		953BC06F18B73141004E4958 /* Frameworks */ = {
			isa = PBXFrameworksBuildPhase;
			buildActionMask = 2147483647;
			files = (
				953BC07418B73141004E4958 /* XCTest.framework in Frameworks */,
				953BC07618B73141004E4958 /* UIKit.framework in Frameworks */,
				953BC07518B73141004E4958 /* Foundation.framework in Frameworks */,
			);
			runOnlyForDeploymentPostprocessing = 0;
		};
/* End PBXFrameworksBuildPhase section */

/* Begin PBXGroup section */
		953BC04E18B73141004E4958 = {
			isa = PBXGroup;
			children = (
				953BC06018B73141004E4958 /* 「UI」高级动画-作业 */,
				953BC07918B73141004E4958 /* 「UI」高级动画-作业Tests */,
				953BC05918B73141004E4958 /* Frameworks */,
				953BC05818B73141004E4958 /* Products */,
			);
			sourceTree = "<group>";
		};
		953BC05818B73141004E4958 /* Products */ = {
			isa = PBXGroup;
			children = (
				953BC05718B73141004E4958 /* 「UI」高级动画-作业.app */,
				953BC07218B73141004E4958 /* 「UI」高级动画-作业Tests.xctest */,
			);
			name = Products;
			sourceTree = "<group>";
		};
		953BC05918B73141004E4958 /* Frameworks */ = {
			isa = PBXGroup;
			children = (
				953BC05A18B73141004E4958 /* Foundation.framework */,
				953BC05C18B73141004E4958 /* CoreGraphics.framework */,
				953BC05E18B73141004E4958 /* UIKit.framework */,
				953BC07318B73141004E4958 /* XCTest.framework */,
			);
			name = Frameworks;
			sourceTree = "<group>";
		};
		953BC06018B73141004E4958 /* 「UI」高级动画-作业 */ = {
			isa = PBXGroup;
			children = (
				953BC06918B73141004E4958 /* DDAppDelegate.h */,
				953BC06A18B73141004E4958 /* DDAppDelegate.m */,
				953BC08918B7316F004E4958 /* DDRootViewController.h */,
				953BC08A18B7316F004E4958 /* DDRootViewController.m */,
				953BC06C18B73141004E4958 /* Images.xcassets */,
				953BC06118B73141004E4958 /* Supporting Files */,
			);
			path = "「UI」高级动画-作业";
			sourceTree = "<group>";
		};
		953BC06118B73141004E4958 /* Supporting Files */ = {
			isa = PBXGroup;
			children = (
				953BC06218B73141004E4958 /* 「UI」高级动画-作业-Info.plist */,
				953BC06318B73141004E4958 /* InfoPlist.strings */,
				953BC06618B73141004E4958 /* main.m */,
				953BC06818B73141004E4958 /* 「UI」高级动画-作业-Prefix.pch */,
			);
			name = "Supporting Files";
			sourceTree = "<group>";
		};
		953BC07918B73141004E4958 /* 「UI」高级动画-作业Tests */ = {
			isa = PBXGroup;
			children = (
				953BC07F18B73141004E4958 /* _UI________Tests.m */,
				953BC07A18B73141004E4958 /* Supporting Files */,
			);
			path = "「UI」高级动画-作业Tests";
			sourceTree = "<group>";
		};
		953BC07A18B73141004E4958 /* Supporting Files */ = {
			isa = PBXGroup;
			children = (
				953BC07B18B73141004E4958 /* 「UI」高级动画-作业Tests-Info.plist */,
				953BC07C18B73141004E4958 /* InfoPlist.strings */,
			);
			name = "Supporting Files";
			sourceTree = "<group>";
		};
/* End PBXGroup section */

/* Begin PBXNativeTarget section */
		953BC05618B73141004E4958 /* 「UI」高级动画-作业 */ = {
			isa = PBXNativeTarget;
			buildConfigurationList = 953BC08318B73141004E4958 /* Build configuration list for PBXNativeTarget "「UI」高级动画-作业" */;
			buildPhases = (
				953BC05318B73141004E4958 /* Sources */,
				953BC05418B73141004E4958 /* Frameworks */,
				953BC05518B73141004E4958 /* Resources */,
			);
			buildRules = (
			);
			dependencies = (
			);
			name = "「UI」高级动画-作业";
			productName = "「UI」高级动画-作业";
			productReference = 953BC05718B73141004E4958 /* 「UI」高级动画-作业.app */;
			productType = "com.apple.product-type.application";
		};
		953BC07118B73141004E4958 /* 「UI」高级动画-作业Tests */ = {
			isa = PBXNativeTarget;
			buildConfigurationList = 953BC08618B73141004E4958 /* Build configuration list for PBXNativeTarget "「UI」高级动画-作业Tests" */;
			buildPhases = (
				953BC06E18B73141004E4958 /* Sources */,
				953BC06F18B73141004E4958 /* Frameworks */,
				953BC07018B73141004E4958 /* Resources */,
			);
			buildRules = (
			);
			dependencies = (
				953BC07818B73141004E4958 /* PBXTargetDependency */,
			);
			name = "「UI」高级动画-作业Tests";
			productName = "「UI」高级动画-作业Tests";
			productReference = 953BC07218B73141004E4958 /* 「UI」高级动画-作业Tests.xctest */;
			productType = "com.apple.product-type.bundle.unit-test";
		};
/* End PBXNativeTarget section */

/* Begin PBXProject section */
		953BC04F18B73141004E4958 /* Project object */ = {
			isa = PBXProject;
			attributes = {
				CLASSPREFIX = DD;
				LastUpgradeCheck = 0500;
				ORGANIZATIONNAME = cuan;
				TargetAttributes = {
					953BC07118B73141004E4958 = {
						TestTargetID = 953BC05618B73141004E4958;
					};
				};
			};
			buildConfigurationList = 953BC05218B73141004E4958 /* Build configuration list for PBXProject "「UI」高级动画-作业" */;
			compatibilityVersion = "Xcode 3.2";
			developmentRegion = English;
			hasScannedForEncodings = 0;
			knownRegions = (
				en,
			);
			mainGroup = 953BC04E18B73141004E4958;
			productRefGroup = 953BC05818B73141004E4958 /* Products */;
			projectDirPath = "";
			projectRoot = "";
			targets = (
				953BC05618B73141004E4958 /* 「UI」高级动画-作业 */,
				953BC07118B73141004E4958 /* 「UI」高级动画-作业Tests */,
			);
		};
/* End PBXProject section */

/* Begin PBXResourcesBuildPhase section */
		953BC05518B73141004E4958 /* Resources */ = {
			isa = PBXResourcesBuildPhase;
			buildActionMask = 2147483647;
			files = (
				953BC06518B73141004E4958 /* InfoPlist.strings in Resources */,
				953BC06D18B73141004E4958 /* Images.xcassets in Resources */,
			);
			runOnlyForDeploymentPostprocessing = 0;
		};
		953BC07018B73141004E4958 /* Resources */ = {
			isa = PBXResourcesBuildPhase;
			buildActionMask = 2147483647;
			files = (
				953BC07E18B73141004E4958 /* InfoPlist.strings in Resources */,
			);
			runOnlyForDeploymentPostprocessing = 0;
		};
/* End PBXResourcesBuildPhase section */

/* Begin PBXSourcesBuildPhase section */
		953BC05318B73141004E4958 /* Sources */ = {
			isa = PBXSourcesBuildPhase;
			buildActionMask = 2147483647;
			files = (
				953BC08B18B7316F004E4958 /* DDRootViewController.m in Sources */,
				953BC06B18B73141004E4958 /* DDAppDelegate.m in Sources */,
				953BC06718B73141004E4958 /* main.m in Sources */,
			);
			runOnlyForDeploymentPostprocessing = 0;
		};
		953BC06E18B73141004E4958 /* Sources */ = {
			isa = PBXSourcesBuildPhase;
			buildActionMask = 2147483647;
			files = (
				953BC08018B73141004E4958 /* _UI________Tests.m in Sources */,
			);
			runOnlyForDeploymentPostprocessing = 0;
		};
/* End PBXSourcesBuildPhase section */

/* Begin PBXTargetDependency section */
		953BC07818B73141004E4958 /* PBXTargetDependency */ = {
			isa = PBXTargetDependency;
			target = 953BC05618B73141004E4958 /* 「UI」高级动画-作业 */;
			targetProxy = 953BC07718B73141004E4958 /* PBXContainerItemProxy */;
		};
/* End PBXTargetDependency section */

/* Begin PBXVariantGroup section */
		953BC06318B73141004E4958 /* InfoPlist.strings */ = {
			isa = PBXVariantGroup;
			children = (
				953BC06418B73141004E4958 /* en */,
			);
			name = InfoPlist.strings;
			sourceTree = "<group>";
		};
		953BC07C18B73141004E4958 /* InfoPlist.strings */ = {
			isa = PBXVariantGroup;
			children = (
				953BC07D18B73141004E4958 /* en */,
			);
			name = InfoPlist.strings;
			sourceTree = "<group>";
		};
/* End PBXVariantGroup section */

/* Begin XCBuildConfiguration section */
		953BC08118B73141004E4958 /* Debug */ = {
			isa = XCBuildConfiguration;
			buildSettings = {
				ALWAYS_SEARCH_USER_PATHS = NO;
				ARCHS = "$(ARCHS_STANDARD_INCLUDING_64_BIT)";
				CLANG_CXX_LANGUAGE_STANDARD = "gnu++0x";
				CLANG_CXX_LIBRARY = "libc++";
				CLANG_ENABLE_MODULES = YES;
				CLANG_ENABLE_OBJC_ARC = NO;
				CLANG_WARN_BOOL_CONVERSION = YES;
				CLANG_WARN_CONSTANT_CONVERSION = YES;
				CLANG_WARN_DIRECT_OBJC_ISA_USAGE = YES_ERROR;
				CLANG_WARN_EMPTY_BODY = YES;
				CLANG_WARN_ENUM_CONVERSION = YES;
				CLANG_WARN_INT_CONVERSION = YES;
				CLANG_WARN_OBJC_ROOT_CLASS = YES_ERROR;
				CLANG_WARN__DUPLICATE_METHOD_MATCH = YES;
				"CODE_SIGN_IDENTITY[sdk=iphoneos*]" = "iPhone Developer";
				COPY_PHASE_STRIP = NO;
				GCC_C_LANGUAGE_STANDARD = gnu99;
				GCC_DYNAMIC_NO_PIC = NO;
				GCC_OPTIMIZATION_LEVEL = 0;
				GCC_PREPROCESSOR_DEFINITIONS = (
					"DEBUG=1",
					"$(inherited)",
				);
				GCC_SYMBOLS_PRIVATE_EXTERN = NO;
				GCC_WARN_64_TO_32_BIT_CONVERSION = YES;
				GCC_WARN_ABOUT_RETURN_TYPE = YES_ERROR;
				GCC_WARN_UNDECLARED_SELECTOR = YES;
				GCC_WARN_UNINITIALIZED_AUTOS = YES;
				GCC_WARN_UNUSED_FUNCTION = YES;
				GCC_WARN_UNUSED_VARIABLE = YES;
				IPHONEOS_DEPLOYMENT_TARGET = 7.0;
				ONLY_ACTIVE_ARCH = YES;
				SDKROOT = iphoneos;
			};
			name = Debug;
		};
		953BC08218B73141004E4958 /* Release */ = {
			isa = XCBuildConfiguration;
			buildSettings = {
				ALWAYS_SEARCH_USER_PATHS = NO;
				ARCHS = "$(ARCHS_STANDARD_INCLUDING_64_BIT)";
				CLANG_CXX_LANGUAGE_STANDARD = "gnu++0x";
				CLANG_CXX_LIBRARY = "libc++";
				CLANG_ENABLE_MODULES = YES;
				CLANG_ENABLE_OBJC_ARC = NO;
				CLANG_WARN_BOOL_CONVERSION = YES;
				CLANG_WARN_CONSTANT_CONVERSION = YES;
				CLANG_WARN_DIRECT_OBJC_ISA_USAGE = YES_ERROR;
				CLANG_WARN_EMPTY_BODY = YES;
				CLANG_WARN_ENUM_CONVERSION = YES;
				CLANG_WARN_INT_CONVERSION = YES;
				CLANG_WARN_OBJC_ROOT_CLASS = YES_ERROR;
				CLANG_WARN__DUPLICATE_METHOD_MATCH = YES;
				"CODE_SIGN_IDENTITY[sdk=iphoneos*]" = "iPhone Developer";
				COPY_PHASE_STRIP = YES;
				ENABLE_NS_ASSERTIONS = NO;
				GCC_C_LANGUAGE_STANDARD = gnu99;
				GCC_WARN_64_TO_32_BIT_CONVERSION = YES;
				GCC_WARN_ABOUT_RETURN_TYPE = YES_ERROR;
				GCC_WARN_UNDECLARED_SELECTOR = YES;
				GCC_WARN_UNINITIALIZED_AUTOS = YES;
				GCC_WARN_UNUSED_FUNCTION = YES;
				GCC_WARN_UNUSED_VARIABLE = YES;
				IPHONEOS_DEPLOYMENT_TARGET = 7.0;
				SDKROOT = iphoneos;
				VALIDATE_PRODUCT = YES;
			};
			name = Release;
		};
		953BC08418B73141004E4958 /* Debug */ = {
			isa = XCBuildConfiguration;
			buildSettings = {
				ASSETCATALOG_COMPILER_APPICON_NAME = AppIcon;
				ASSETCATALOG_COMPILER_LAUNCHIMAGE_NAME = LaunchImage;
				GCC_PRECOMPILE_PREFIX_HEADER = YES;
				GCC_PREFIX_HEADER = "「UI」高级动画-作业/「UI」高级动画-作业-Prefix.pch";
				INFOPLIST_FILE = "「UI」高级动画-作业/「UI」高级动画-作业-Info.plist";
				PRODUCT_NAME = "$(TARGET_NAME)";
				WRAPPER_EXTENSION = app;
			};
			name = Debug;
		};
		953BC08518B73141004E4958 /* Release */ = {
			isa = XCBuildConfiguration;
			buildSettings = {
				ASSETCATALOG_COMPILER_APPICON_NAME = AppIcon;
				ASSETCATALOG_COMPILER_LAUNCHIMAGE_NAME = LaunchImage;
				GCC_PRECOMPILE_PREFIX_HEADER = YES;
				GCC_PREFIX_HEADER = "「UI」高级动画-作业/「UI」高级动画-作业-Prefix.pch";
				INFOPLIST_FILE = "「UI」高级动画-作业/「UI」高级动画-作业-Info.plist";
				PRODUCT_NAME = "$(TARGET_NAME)";
				WRAPPER_EXTENSION = app;
			};
			name = Release;
		};
		953BC08718B73141004E4958 /* Debug */ = {
			isa = XCBuildConfiguration;
			buildSettings = {
				ARCHS = "$(ARCHS_STANDARD_INCLUDING_64_BIT)";
				BUNDLE_LOADER = "$(BUILT_PRODUCTS_DIR)/「UI」高级动画-作业.app/「UI」高级动画-作业";
				FRAMEWORK_SEARCH_PATHS = (
					"$(SDKROOT)/Developer/Library/Frameworks",
					"$(inherited)",
					"$(DEVELOPER_FRAMEWORKS_DIR)",
				);
				GCC_PRECOMPILE_PREFIX_HEADER = YES;
				GCC_PREFIX_HEADER = "「UI」高级动画-作业/「UI」高级动画-作业-Prefix.pch";
				GCC_PREPROCESSOR_DEFINITIONS = (
					"DEBUG=1",
					"$(inherited)",
				);
				INFOPLIST_FILE = "「UI」高级动画-作业Tests/「UI」高级动画-作业Tests-Info.plist";
				PRODUCT_NAME = "$(TARGET_NAME)";
				TEST_HOST = "$(BUNDLE_LOADER)";
				WRAPPER_EXTENSION = xctest;
			};
			name = Debug;
		};
		953BC08818B73141004E4958 /* Release */ = {
			isa = XCBuildConfiguration;
			buildSettings = {
				ARCHS = "$(ARCHS_STANDARD_INCLUDING_64_BIT)";
				BUNDLE_LOADER = "$(BUILT_PRODUCTS_DIR)/「UI」高级动画-作业.app/「UI」高级动画-作业";
				FRAMEWORK_SEARCH_PATHS = (
					"$(SDKROOT)/Developer/Library/Frameworks",
					"$(inherited)",
					"$(DEVELOPER_FRAMEWORKS_DIR)",
				);
				GCC_PRECOMPILE_PREFIX_HEADER = YES;
				GCC_PREFIX_HEADER = "「UI」高级动画-作业/「UI」高级动画-作业-Prefix.pch";
				INFOPLIST_FILE = "「UI」高级动画-作业Tests/「UI」高级动画-作业Tests-Info.plist";
				PRODUCT_NAME = "$(TARGET_NAME)";
				TEST_HOST = "$(BUNDLE_LOADER)";
				WRAPPER_EXTENSION = xctest;
			};
			name = Release;
		};
/* End XCBuildConfiguration section */

/* Begin XCConfigurationList section */
		953BC05218B73141004E4958 /* Build configuration list for PBXProject "「UI」高级动画-作业" */ = {
			isa = XCConfigurationList;
			buildConfigurations = (
				953BC08118B73141004E4958 /* Debug */,
				953BC08218B73141004E4958 /* Release */,
			);
			defaultConfigurationIsVisible = 0;
			defaultConfigurationName = Release;
		};
		953BC08318B73141004E4958 /* Build configuration list for PBXNativeTarget "「UI」高级动画-作业" */ = {
			isa = XCConfigurationList;
			buildConfigurations = (
				953BC08418B73141004E4958 /* Debug */,
				953BC08518B73141004E4958 /* Release */,
			);
			defaultConfigurationIsVisible = 0;
		};
		953BC08618B73141004E4958 /* Build configuration list for PBXNativeTarget "「UI」高级动画-作业Tests" */ = {
			isa = XCConfigurationList;
			buildConfigurations = (
				953BC08718B73141004E4958 /* Debug */,
				953BC08818B73141004E4958 /* Release */,
			);
			defaultConfigurationIsVisible = 0;
		};
/* End XCConfigurationList section */
	};
	rootObject = 953BC04F18B73141004E4958 /* Project object */;
}
