// !$*UTF8*$!
{
	archiveVersion = 1;
	classes = {
	};
	objectVersion = 46;
	objects = {

/* Begin PBXBuildFile section */
		6590E5FE18B19CA0004F428D /* Foundation.framework in Frameworks */ = {isa = PBXBuildFile; fileRef = 6590E5FD18B19CA0004F428D /* Foundation.framework */; };
		6590E60018B19CA0004F428D /* CoreGraphics.framework in Frameworks */ = {isa = PBXBuildFile; fileRef = 6590E5FF18B19CA0004F428D /* CoreGraphics.framework */; };
		6590E60218B19CA0004F428D /* UIKit.framework in Frameworks */ = {isa = PBXBuildFile; fileRef = 6590E60118B19CA0004F428D /* UIKit.framework */; };
		6590E60818B19CA0004F428D /* InfoPlist.strings in Resources */ = {isa = PBXBuildFile; fileRef = 6590E60618B19CA0004F428D /* InfoPlist.strings */; };
		6590E60A18B19CA0004F428D /* main.m in Sources */ = {isa = PBXBuildFile; fileRef = 6590E60918B19CA0004F428D /* main.m */; };
		6590E60E18B19CA0004F428D /* AppDelegate.m in Sources */ = {isa = PBXBuildFile; fileRef = 6590E60D18B19CA0004F428D /* AppDelegate.m */; };
		6590E61018B19CA0004F428D /* Images.xcassets in Resources */ = {isa = PBXBuildFile; fileRef = 6590E60F18B19CA0004F428D /* Images.xcassets */; };
		6590E61718B19CA0004F428D /* XCTest.framework in Frameworks */ = {isa = PBXBuildFile; fileRef = 6590E61618B19CA0004F428D /* XCTest.framework */; };
		6590E61818B19CA0004F428D /* Foundation.framework in Frameworks */ = {isa = PBXBuildFile; fileRef = 6590E5FD18B19CA0004F428D /* Foundation.framework */; };
		6590E61918B19CA0004F428D /* UIKit.framework in Frameworks */ = {isa = PBXBuildFile; fileRef = 6590E60118B19CA0004F428D /* UIKit.framework */; };
		6590E62118B19CA1004F428D /* InfoPlist.strings in Resources */ = {isa = PBXBuildFile; fileRef = 6590E61F18B19CA1004F428D /* InfoPlist.strings */; };
		6590E62318B19CA1004F428D /* _014_2_17Tests.m in Sources */ = {isa = PBXBuildFile; fileRef = 6590E62218B19CA1004F428D /* _014_2_17Tests.m */; };
		6590E62E18B19CE7004F428D /* ViewController1.m in Sources */ = {isa = PBXBuildFile; fileRef = 6590E62D18B19CE7004F428D /* ViewController1.m */; };
		6590E63118B19CF1004F428D /* ViewController2.m in Sources */ = {isa = PBXBuildFile; fileRef = 6590E63018B19CF1004F428D /* ViewController2.m */; };
		6590E63418B19CFA004F428D /* ViewController3.m in Sources */ = {isa = PBXBuildFile; fileRef = 6590E63318B19CFA004F428D /* ViewController3.m */; };
		6590E63718B19D0C004F428D /* ViewController5.m in Sources */ = {isa = PBXBuildFile; fileRef = 6590E63618B19D0C004F428D /* ViewController5.m */; };
		6590E63A18B19D12004F428D /* ViewController4.m in Sources */ = {isa = PBXBuildFile; fileRef = 6590E63918B19D12004F428D /* ViewController4.m */; };
		6590E64518B19D91004F428D /* 1.png in Resources */ = {isa = PBXBuildFile; fileRef = 6590E63D18B19D91004F428D /* 1.png */; };
		6590E64618B19D91004F428D /* nav_bg.png in Resources */ = {isa = PBXBuildFile; fileRef = 6590E63E18B19D91004F428D /* nav_bg.png */; };
		6590E64718B19D91004F428D /* nav_bg@2x.png in Resources */ = {isa = PBXBuildFile; fileRef = 6590E63F18B19D91004F428D /* nav_bg@2x.png */; };
		6590E64818B19D91004F428D /* nav_bg_ios7.png in Resources */ = {isa = PBXBuildFile; fileRef = 6590E64018B19D91004F428D /* nav_bg_ios7.png */; };
		6590E64918B19D91004F428D /* nav_bg_ios7@2x.png in Resources */ = {isa = PBXBuildFile; fileRef = 6590E64118B19D91004F428D /* nav_bg_ios7@2x.png */; };
		6590E64A18B19D91004F428D /* UIColor+Expand.m in Sources */ = {isa = PBXBuildFile; fileRef = 6590E64418B19D91004F428D /* UIColor+Expand.m */; };
		6590E64D18B1A5B4004F428D /* ViewController6.m in Sources */ = {isa = PBXBuildFile; fileRef = 6590E64C18B1A5B4004F428D /* ViewController6.m */; };
		6590E65018B1B1E0004F428D /* DetailViewController.m in Sources */ = {isa = PBXBuildFile; fileRef = 6590E64F18B1B1E0004F428D /* DetailViewController.m */; };
/* End PBXBuildFile section */

/* Begin PBXContainerItemProxy section */
		6590E61A18B19CA1004F428D /* PBXContainerItemProxy */ = {
			isa = PBXContainerItemProxy;
			containerPortal = 6590E5F218B19CA0004F428D /* Project object */;
			proxyType = 1;
			remoteGlobalIDString = 6590E5F918B19CA0004F428D;
			remoteInfo = 2014.2.17;
		};
/* End PBXContainerItemProxy section */

/* Begin PBXFileReference section */
		6590E5FA18B19CA0004F428D /* 2014.2.17.app */ = {isa = PBXFileReference; explicitFileType = wrapper.application; includeInIndex = 0; path = 2014.2.17.app; sourceTree = BUILT_PRODUCTS_DIR; };
		6590E5FD18B19CA0004F428D /* Foundation.framework */ = {isa = PBXFileReference; lastKnownFileType = wrapper.framework; name = Foundation.framework; path = System/Library/Frameworks/Foundation.framework; sourceTree = SDKROOT; };
		6590E5FF18B19CA0004F428D /* CoreGraphics.framework */ = {isa = PBXFileReference; lastKnownFileType = wrapper.framework; name = CoreGraphics.framework; path = System/Library/Frameworks/CoreGraphics.framework; sourceTree = SDKROOT; };
		6590E60118B19CA0004F428D /* UIKit.framework */ = {isa = PBXFileReference; lastKnownFileType = wrapper.framework; name = UIKit.framework; path = System/Library/Frameworks/UIKit.framework; sourceTree = SDKROOT; };
		6590E60518B19CA0004F428D /* 2014.2.17-Info.plist */ = {isa = PBXFileReference; lastKnownFileType = text.plist.xml; path = "2014.2.17-Info.plist"; sourceTree = "<group>"; };
		6590E60718B19CA0004F428D /* en */ = {isa = PBXFileReference; lastKnownFileType = text.plist.strings; name = en; path = en.lproj/InfoPlist.strings; sourceTree = "<group>"; };
		6590E60918B19CA0004F428D /* main.m */ = {isa = PBXFileReference; lastKnownFileType = sourcecode.c.objc; path = main.m; sourceTree = "<group>"; };
		6590E60B18B19CA0004F428D /* 2014.2.17-Prefix.pch */ = {isa = PBXFileReference; lastKnownFileType = sourcecode.c.h; path = "2014.2.17-Prefix.pch"; sourceTree = "<group>"; };
		6590E60C18B19CA0004F428D /* AppDelegate.h */ = {isa = PBXFileReference; lastKnownFileType = sourcecode.c.h; path = AppDelegate.h; sourceTree = "<group>"; };
		6590E60D18B19CA0004F428D /* AppDelegate.m */ = {isa = PBXFileReference; lastKnownFileType = sourcecode.c.objc; path = AppDelegate.m; sourceTree = "<group>"; };
		6590E60F18B19CA0004F428D /* Images.xcassets */ = {isa = PBXFileReference; lastKnownFileType = folder.assetcatalog; path = Images.xcassets; sourceTree = "<group>"; };
		6590E61518B19CA0004F428D /* 2014.2.17Tests.xctest */ = {isa = PBXFileReference; explicitFileType = wrapper.cfbundle; includeInIndex = 0; path = 2014.2.17Tests.xctest; sourceTree = BUILT_PRODUCTS_DIR; };
		6590E61618B19CA0004F428D /* XCTest.framework */ = {isa = PBXFileReference; lastKnownFileType = wrapper.framework; name = XCTest.framework; path = Library/Frameworks/XCTest.framework; sourceTree = DEVELOPER_DIR; };
		6590E61E18B19CA1004F428D /* 2014.2.17Tests-Info.plist */ = {isa = PBXFileReference; lastKnownFileType = text.plist.xml; path = "2014.2.17Tests-Info.plist"; sourceTree = "<group>"; };
		6590E62018B19CA1004F428D /* en */ = {isa = PBXFileReference; lastKnownFileType = text.plist.strings; name = en; path = en.lproj/InfoPlist.strings; sourceTree = "<group>"; };
		6590E62218B19CA1004F428D /* _014_2_17Tests.m */ = {isa = PBXFileReference; lastKnownFileType = sourcecode.c.objc; path = _014_2_17Tests.m; sourceTree = "<group>"; };
		6590E62C18B19CE7004F428D /* ViewController1.h */ = {isa = PBXFileReference; fileEncoding = 4; lastKnownFileType = sourcecode.c.h; path = ViewController1.h; sourceTree = "<group>"; };
		6590E62D18B19CE7004F428D /* ViewController1.m */ = {isa = PBXFileReference; fileEncoding = 4; lastKnownFileType = sourcecode.c.objc; path = ViewController1.m; sourceTree = "<group>"; };
		6590E62F18B19CF1004F428D /* ViewController2.h */ = {isa = PBXFileReference; fileEncoding = 4; lastKnownFileType = sourcecode.c.h; path = ViewController2.h; sourceTree = "<group>"; };
		6590E63018B19CF1004F428D /* ViewController2.m */ = {isa = PBXFileReference; fileEncoding = 4; lastKnownFileType = sourcecode.c.objc; path = ViewController2.m; sourceTree = "<group>"; };
		6590E63218B19CFA004F428D /* ViewController3.h */ = {isa = PBXFileReference; fileEncoding = 4; lastKnownFileType = sourcecode.c.h; path = ViewController3.h; sourceTree = "<group>"; };
		6590E63318B19CFA004F428D /* ViewController3.m */ = {isa = PBXFileReference; fileEncoding = 4; lastKnownFileType = sourcecode.c.objc; path = ViewController3.m; sourceTree = "<group>"; };
		6590E63518B19D0C004F428D /* ViewController5.h */ = {isa = PBXFileReference; fileEncoding = 4; lastKnownFileType = sourcecode.c.h; path = ViewController5.h; sourceTree = "<group>"; };
		6590E63618B19D0C004F428D /* ViewController5.m */ = {isa = PBXFileReference; fileEncoding = 4; lastKnownFileType = sourcecode.c.objc; path = ViewController5.m; sourceTree = "<group>"; };
		6590E63818B19D12004F428D /* ViewController4.h */ = {isa = PBXFileReference; fileEncoding = 4; lastKnownFileType = sourcecode.c.h; path = ViewController4.h; sourceTree = "<group>"; };
		6590E63918B19D12004F428D /* ViewController4.m */ = {isa = PBXFileReference; fileEncoding = 4; lastKnownFileType = sourcecode.c.objc; path = ViewController4.m; sourceTree = "<group>"; };
		6590E63D18B19D91004F428D /* 1.png */ = {isa = PBXFileReference; lastKnownFileType = image.png; path = 1.png; sourceTree = "<group>"; };
		6590E63E18B19D91004F428D /* nav_bg.png */ = {isa = PBXFileReference; lastKnownFileType = image.png; path = nav_bg.png; sourceTree = "<group>"; };
		6590E63F18B19D91004F428D /* nav_bg@2x.png */ = {isa = PBXFileReference; lastKnownFileType = image.png; path = "nav_bg@2x.png"; sourceTree = "<group>"; };
		6590E64018B19D91004F428D /* nav_bg_ios7.png */ = {isa = PBXFileReference; lastKnownFileType = image.png; path = nav_bg_ios7.png; sourceTree = "<group>"; };
		6590E64118B19D91004F428D /* nav_bg_ios7@2x.png */ = {isa = PBXFileReference; lastKnownFileType = image.png; path = "nav_bg_ios7@2x.png"; sourceTree = "<group>"; };
		6590E64318B19D91004F428D /* UIColor+Expand.h */ = {isa = PBXFileReference; fileEncoding = 4; lastKnownFileType = sourcecode.c.h; path = "UIColor+Expand.h"; sourceTree = "<group>"; };
		6590E64418B19D91004F428D /* UIColor+Expand.m */ = {isa = PBXFileReference; fileEncoding = 4; lastKnownFileType = sourcecode.c.objc; path = "UIColor+Expand.m"; sourceTree = "<group>"; };
		6590E64B18B1A5B4004F428D /* ViewController6.h */ = {isa = PBXFileReference; fileEncoding = 4; lastKnownFileType = sourcecode.c.h; path = ViewController6.h; sourceTree = "<group>"; };
		6590E64C18B1A5B4004F428D /* ViewController6.m */ = {isa = PBXFileReference; fileEncoding = 4; lastKnownFileType = sourcecode.c.objc; path = ViewController6.m; sourceTree = "<group>"; };
		6590E64E18B1B1E0004F428D /* DetailViewController.h */ = {isa = PBXFileReference; fileEncoding = 4; lastKnownFileType = sourcecode.c.h; path = DetailViewController.h; sourceTree = "<group>"; };
		6590E64F18B1B1E0004F428D /* DetailViewController.m */ = {isa = PBXFileReference; fileEncoding = 4; lastKnownFileType = sourcecode.c.objc; path = DetailViewController.m; sourceTree = "<group>"; };
/* End PBXFileReference section */

/* Begin PBXFrameworksBuildPhase section */
		6590E5F718B19CA0004F428D /* Frameworks */ = {
			isa = PBXFrameworksBuildPhase;
			buildActionMask = 2147483647;
			files = (
				6590E60018B19CA0004F428D /* CoreGraphics.framework in Frameworks */,
				6590E60218B19CA0004F428D /* UIKit.framework in Frameworks */,
				6590E5FE18B19CA0004F428D /* Foundation.framework in Frameworks */,
			);
			runOnlyForDeploymentPostprocessing = 0;
		};
		6590E61218B19CA0004F428D /* Frameworks */ = {
			isa = PBXFrameworksBuildPhase;
			buildActionMask = 2147483647;
			files = (
				6590E61718B19CA0004F428D /* XCTest.framework in Frameworks */,
				6590E61918B19CA0004F428D /* UIKit.framework in Frameworks */,
				6590E61818B19CA0004F428D /* Foundation.framework in Frameworks */,
			);
			runOnlyForDeploymentPostprocessing = 0;
		};
/* End PBXFrameworksBuildPhase section */

/* Begin PBXGroup section */
		6590E5F118B19CA0004F428D = {
			isa = PBXGroup;
			children = (
				6590E60318B19CA0004F428D /* 2014.2.17 */,
				6590E61C18B19CA1004F428D /* 2014.2.17Tests */,
				6590E5FC18B19CA0004F428D /* Frameworks */,
				6590E5FB18B19CA0004F428D /* Products */,
			);
			sourceTree = "<group>";
		};
		6590E5FB18B19CA0004F428D /* Products */ = {
			isa = PBXGroup;
			children = (
				6590E5FA18B19CA0004F428D /* 2014.2.17.app */,
				6590E61518B19CA0004F428D /* 2014.2.17Tests.xctest */,
			);
			name = Products;
			sourceTree = "<group>";
		};
		6590E5FC18B19CA0004F428D /* Frameworks */ = {
			isa = PBXGroup;
			children = (
				6590E5FD18B19CA0004F428D /* Foundation.framework */,
				6590E5FF18B19CA0004F428D /* CoreGraphics.framework */,
				6590E60118B19CA0004F428D /* UIKit.framework */,
				6590E61618B19CA0004F428D /* XCTest.framework */,
			);
			name = Frameworks;
			sourceTree = "<group>";
		};
		6590E60318B19CA0004F428D /* 2014.2.17 */ = {
			isa = PBXGroup;
			children = (
				6590E60C18B19CA0004F428D /* AppDelegate.h */,
				6590E60D18B19CA0004F428D /* AppDelegate.m */,
				6590E62C18B19CE7004F428D /* ViewController1.h */,
				6590E62D18B19CE7004F428D /* ViewController1.m */,
				6590E64E18B1B1E0004F428D /* DetailViewController.h */,
				6590E64F18B1B1E0004F428D /* DetailViewController.m */,
				6590E62F18B19CF1004F428D /* ViewController2.h */,
				6590E63018B19CF1004F428D /* ViewController2.m */,
				6590E63218B19CFA004F428D /* ViewController3.h */,
				6590E63318B19CFA004F428D /* ViewController3.m */,
				6590E63818B19D12004F428D /* ViewController4.h */,
				6590E63918B19D12004F428D /* ViewController4.m */,
				6590E63518B19D0C004F428D /* ViewController5.h */,
				6590E63618B19D0C004F428D /* ViewController5.m */,
				6590E64B18B1A5B4004F428D /* ViewController6.h */,
				6590E64C18B1A5B4004F428D /* ViewController6.m */,
				6590E63B18B19D91004F428D /* L09-Resource */,
				6590E64218B19D91004F428D /* UIColor+Expand */,
				6590E60F18B19CA0004F428D /* Images.xcassets */,
				6590E60418B19CA0004F428D /* Supporting Files */,
			);
			path = 2014.2.17;
			sourceTree = "<group>";
		};
		6590E60418B19CA0004F428D /* Supporting Files */ = {
			isa = PBXGroup;
			children = (
				6590E60518B19CA0004F428D /* 2014.2.17-Info.plist */,
				6590E60618B19CA0004F428D /* InfoPlist.strings */,
				6590E60918B19CA0004F428D /* main.m */,
				6590E60B18B19CA0004F428D /* 2014.2.17-Prefix.pch */,
			);
			name = "Supporting Files";
			sourceTree = "<group>";
		};
		6590E61C18B19CA1004F428D /* 2014.2.17Tests */ = {
			isa = PBXGroup;
			children = (
				6590E62218B19CA1004F428D /* _014_2_17Tests.m */,
				6590E61D18B19CA1004F428D /* Supporting Files */,
			);
			path = 2014.2.17Tests;
			sourceTree = "<group>";
		};
		6590E61D18B19CA1004F428D /* Supporting Files */ = {
			isa = PBXGroup;
			children = (
				6590E61E18B19CA1004F428D /* 2014.2.17Tests-Info.plist */,
				6590E61F18B19CA1004F428D /* InfoPlist.strings */,
			);
			name = "Supporting Files";
			sourceTree = "<group>";
		};
		6590E63B18B19D91004F428D /* L09-Resource */ = {
			isa = PBXGroup;
			children = (
				6590E63C18B19D91004F428D /* images */,
			);
			path = "L09-Resource";
			sourceTree = "<group>";
		};
		6590E63C18B19D91004F428D /* images */ = {
			isa = PBXGroup;
			children = (
				6590E63D18B19D91004F428D /* 1.png */,
				6590E63E18B19D91004F428D /* nav_bg.png */,
				6590E63F18B19D91004F428D /* nav_bg@2x.png */,
				6590E64018B19D91004F428D /* nav_bg_ios7.png */,
				6590E64118B19D91004F428D /* nav_bg_ios7@2x.png */,
			);
			path = images;
			sourceTree = "<group>";
		};
		6590E64218B19D91004F428D /* UIColor+Expand */ = {
			isa = PBXGroup;
			children = (
				6590E64318B19D91004F428D /* UIColor+Expand.h */,
				6590E64418B19D91004F428D /* UIColor+Expand.m */,
			);
			path = "UIColor+Expand";
			sourceTree = "<group>";
		};
/* End PBXGroup section */

/* Begin PBXNativeTarget section */
		6590E5F918B19CA0004F428D /* 2014.2.17 */ = {
			isa = PBXNativeTarget;
			buildConfigurationList = 6590E62618B19CA1004F428D /* Build configuration list for PBXNativeTarget "2014.2.17" */;
			buildPhases = (
				6590E5F618B19CA0004F428D /* Sources */,
				6590E5F718B19CA0004F428D /* Frameworks */,
				6590E5F818B19CA0004F428D /* Resources */,
			);
			buildRules = (
			);
			dependencies = (
			);
			name = 2014.2.17;
			productName = 2014.2.17;
			productReference = 6590E5FA18B19CA0004F428D /* 2014.2.17.app */;
			productType = "com.apple.product-type.application";
		};
		6590E61418B19CA0004F428D /* 2014.2.17Tests */ = {
			isa = PBXNativeTarget;
			buildConfigurationList = 6590E62918B19CA1004F428D /* Build configuration list for PBXNativeTarget "2014.2.17Tests" */;
			buildPhases = (
				6590E61118B19CA0004F428D /* Sources */,
				6590E61218B19CA0004F428D /* Frameworks */,
				6590E61318B19CA0004F428D /* Resources */,
			);
			buildRules = (
			);
			dependencies = (
				6590E61B18B19CA1004F428D /* PBXTargetDependency */,
			);
			name = 2014.2.17Tests;
			productName = 2014.2.17Tests;
			productReference = 6590E61518B19CA0004F428D /* 2014.2.17Tests.xctest */;
			productType = "com.apple.product-type.bundle.unit-test";
		};
/* End PBXNativeTarget section */

/* Begin PBXProject section */
		6590E5F218B19CA0004F428D /* Project object */ = {
			isa = PBXProject;
			attributes = {
				LastUpgradeCheck = 0500;
				ORGANIZATIONNAME = rimi;
				TargetAttributes = {
					6590E61418B19CA0004F428D = {
						TestTargetID = 6590E5F918B19CA0004F428D;
					};
				};
			};
			buildConfigurationList = 6590E5F518B19CA0004F428D /* Build configuration list for PBXProject "2014.2.17" */;
			compatibilityVersion = "Xcode 3.2";
			developmentRegion = English;
			hasScannedForEncodings = 0;
			knownRegions = (
				en,
			);
			mainGroup = 6590E5F118B19CA0004F428D;
			productRefGroup = 6590E5FB18B19CA0004F428D /* Products */;
			projectDirPath = "";
			projectRoot = "";
			targets = (
				6590E5F918B19CA0004F428D /* 2014.2.17 */,
				6590E61418B19CA0004F428D /* 2014.2.17Tests */,
			);
		};
/* End PBXProject section */

/* Begin PBXResourcesBuildPhase section */
		6590E5F818B19CA0004F428D /* Resources */ = {
			isa = PBXResourcesBuildPhase;
			buildActionMask = 2147483647;
			files = (
				6590E64518B19D91004F428D /* 1.png in Resources */,
				6590E60818B19CA0004F428D /* InfoPlist.strings in Resources */,
				6590E64918B19D91004F428D /* nav_bg_ios7@2x.png in Resources */,
				6590E64818B19D91004F428D /* nav_bg_ios7.png in Resources */,
				6590E64618B19D91004F428D /* nav_bg.png in Resources */,
				6590E61018B19CA0004F428D /* Images.xcassets in Resources */,
				6590E64718B19D91004F428D /* nav_bg@2x.png in Resources */,
			);
			runOnlyForDeploymentPostprocessing = 0;
		};
		6590E61318B19CA0004F428D /* Resources */ = {
			isa = PBXResourcesBuildPhase;
			buildActionMask = 2147483647;
			files = (
				6590E62118B19CA1004F428D /* InfoPlist.strings in Resources */,
			);
			runOnlyForDeploymentPostprocessing = 0;
		};
/* End PBXResourcesBuildPhase section */

/* Begin PBXSourcesBuildPhase section */
		6590E5F618B19CA0004F428D /* Sources */ = {
			isa = PBXSourcesBuildPhase;
			buildActionMask = 2147483647;
			files = (
				6590E60E18B19CA0004F428D /* AppDelegate.m in Sources */,
				6590E63118B19CF1004F428D /* ViewController2.m in Sources */,
				6590E64D18B1A5B4004F428D /* ViewController6.m in Sources */,
				6590E63718B19D0C004F428D /* ViewController5.m in Sources */,
				6590E64A18B19D91004F428D /* UIColor+Expand.m in Sources */,
				6590E65018B1B1E0004F428D /* DetailViewController.m in Sources */,
				6590E60A18B19CA0004F428D /* main.m in Sources */,
				6590E62E18B19CE7004F428D /* ViewController1.m in Sources */,
				6590E63A18B19D12004F428D /* ViewController4.m in Sources */,
				6590E63418B19CFA004F428D /* ViewController3.m in Sources */,
			);
			runOnlyForDeploymentPostprocessing = 0;
		};
		6590E61118B19CA0004F428D /* Sources */ = {
			isa = PBXSourcesBuildPhase;
			buildActionMask = 2147483647;
			files = (
				6590E62318B19CA1004F428D /* _014_2_17Tests.m in Sources */,
			);
			runOnlyForDeploymentPostprocessing = 0;
		};
/* End PBXSourcesBuildPhase section */

/* Begin PBXTargetDependency section */
		6590E61B18B19CA1004F428D /* PBXTargetDependency */ = {
			isa = PBXTargetDependency;
			target = 6590E5F918B19CA0004F428D /* 2014.2.17 */;
			targetProxy = 6590E61A18B19CA1004F428D /* PBXContainerItemProxy */;
		};
/* End PBXTargetDependency section */

/* Begin PBXVariantGroup section */
		6590E60618B19CA0004F428D /* InfoPlist.strings */ = {
			isa = PBXVariantGroup;
			children = (
				6590E60718B19CA0004F428D /* en */,
			);
			name = InfoPlist.strings;
			sourceTree = "<group>";
		};
		6590E61F18B19CA1004F428D /* InfoPlist.strings */ = {
			isa = PBXVariantGroup;
			children = (
				6590E62018B19CA1004F428D /* en */,
			);
			name = InfoPlist.strings;
			sourceTree = "<group>";
		};
/* End PBXVariantGroup section */

/* Begin XCBuildConfiguration section */
		6590E62418B19CA1004F428D /* Debug */ = {
			isa = XCBuildConfiguration;
			buildSettings = {
				ALWAYS_SEARCH_USER_PATHS = NO;
				ARCHS = "$(ARCHS_STANDARD_INCLUDING_64_BIT)";
				CLANG_CXX_LANGUAGE_STANDARD = "gnu++0x";
				CLANG_CXX_LIBRARY = "libc++";
				CLANG_ENABLE_MODULES = YES;
				CLANG_ENABLE_OBJC_ARC = YES;
				CLANG_WARN_BOOL_CONVERSION = YES;
				CLANG_WARN_CONSTANT_CONVERSION = YES;
				CLANG_WARN_DIRECT_OBJC_ISA_USAGE = YES_ERROR;
				CLANG_WARN_EMPTY_BODY = YES;
				CLANG_WARN_ENUM_CONVERSION = YES;
				CLANG_WARN_INT_CONVERSION = YES;
				CLANG_WARN_OBJC_ROOT_CLASS = YES_ERROR;
				CLANG_WARN__DUPLICATE_METHOD_MATCH = YES;
				"CODE_SIGN_IDENTITY[sdk=iphoneos*]" = "iPhone Developer";
				COPY_PHASE_STRIP = NO;
				GCC_C_LANGUAGE_STANDARD = gnu99;
				GCC_DYNAMIC_NO_PIC = NO;
				GCC_OPTIMIZATION_LEVEL = 0;
				GCC_PREPROCESSOR_DEFINITIONS = (
					"DEBUG=1",
					"$(inherited)",
				);
				GCC_SYMBOLS_PRIVATE_EXTERN = NO;
				GCC_WARN_64_TO_32_BIT_CONVERSION = YES;
				GCC_WARN_ABOUT_RETURN_TYPE = YES_ERROR;
				GCC_WARN_UNDECLARED_SELECTOR = YES;
				GCC_WARN_UNINITIALIZED_AUTOS = YES;
				GCC_WARN_UNUSED_FUNCTION = YES;
				GCC_WARN_UNUSED_VARIABLE = YES;
				IPHONEOS_DEPLOYMENT_TARGET = 7.0;
				ONLY_ACTIVE_ARCH = YES;
				SDKROOT = iphoneos;
			};
			name = Debug;
		};
		6590E62518B19CA1004F428D /* Release */ = {
			isa = XCBuildConfiguration;
			buildSettings = {
				ALWAYS_SEARCH_USER_PATHS = NO;
				ARCHS = "$(ARCHS_STANDARD_INCLUDING_64_BIT)";
				CLANG_CXX_LANGUAGE_STANDARD = "gnu++0x";
				CLANG_CXX_LIBRARY = "libc++";
				CLANG_ENABLE_MODULES = YES;
				CLANG_ENABLE_OBJC_ARC = YES;
				CLANG_WARN_BOOL_CONVERSION = YES;
				CLANG_WARN_CONSTANT_CONVERSION = YES;
				CLANG_WARN_DIRECT_OBJC_ISA_USAGE = YES_ERROR;
				CLANG_WARN_EMPTY_BODY = YES;
				CLANG_WARN_ENUM_CONVERSION = YES;
				CLANG_WARN_INT_CONVERSION = YES;
				CLANG_WARN_OBJC_ROOT_CLASS = YES_ERROR;
				CLANG_WARN__DUPLICATE_METHOD_MATCH = YES;
				"CODE_SIGN_IDENTITY[sdk=iphoneos*]" = "iPhone Developer";
				COPY_PHASE_STRIP = YES;
				ENABLE_NS_ASSERTIONS = NO;
				GCC_C_LANGUAGE_STANDARD = gnu99;
				GCC_WARN_64_TO_32_BIT_CONVERSION = YES;
				GCC_WARN_ABOUT_RETURN_TYPE = YES_ERROR;
				GCC_WARN_UNDECLARED_SELECTOR = YES;
				GCC_WARN_UNINITIALIZED_AUTOS = YES;
				GCC_WARN_UNUSED_FUNCTION = YES;
				GCC_WARN_UNUSED_VARIABLE = YES;
				IPHONEOS_DEPLOYMENT_TARGET = 7.0;
				SDKROOT = iphoneos;
				VALIDATE_PRODUCT = YES;
			};
			name = Release;
		};
		6590E62718B19CA1004F428D /* Debug */ = {
			isa = XCBuildConfiguration;
			buildSettings = {
				ASSETCATALOG_COMPILER_APPICON_NAME = AppIcon;
				ASSETCATALOG_COMPILER_LAUNCHIMAGE_NAME = LaunchImage;
				CLANG_ENABLE_OBJC_ARC = NO;
				GCC_PRECOMPILE_PREFIX_HEADER = YES;
				GCC_PREFIX_HEADER = "2014.2.17/2014.2.17-Prefix.pch";
				INFOPLIST_FILE = "2014.2.17/2014.2.17-Info.plist";
				PRODUCT_NAME = "$(TARGET_NAME)";
				WRAPPER_EXTENSION = app;
			};
			name = Debug;
		};
		6590E62818B19CA1004F428D /* Release */ = {
			isa = XCBuildConfiguration;
			buildSettings = {
				ASSETCATALOG_COMPILER_APPICON_NAME = AppIcon;
				ASSETCATALOG_COMPILER_LAUNCHIMAGE_NAME = LaunchImage;
				CLANG_ENABLE_OBJC_ARC = NO;
				GCC_PRECOMPILE_PREFIX_HEADER = YES;
				GCC_PREFIX_HEADER = "2014.2.17/2014.2.17-Prefix.pch";
				INFOPLIST_FILE = "2014.2.17/2014.2.17-Info.plist";
				PRODUCT_NAME = "$(TARGET_NAME)";
				WRAPPER_EXTENSION = app;
			};
			name = Release;
		};
		6590E62A18B19CA1004F428D /* Debug */ = {
			isa = XCBuildConfiguration;
			buildSettings = {
				ARCHS = "$(ARCHS_STANDARD_INCLUDING_64_BIT)";
				BUNDLE_LOADER = "$(BUILT_PRODUCTS_DIR)/2014.2.17.app/2014.2.17";
				FRAMEWORK_SEARCH_PATHS = (
					"$(SDKROOT)/Developer/Library/Frameworks",
					"$(inherited)",
					"$(DEVELOPER_FRAMEWORKS_DIR)",
				);
				GCC_PRECOMPILE_PREFIX_HEADER = YES;
				GCC_PREFIX_HEADER = "2014.2.17/2014.2.17-Prefix.pch";
				GCC_PREPROCESSOR_DEFINITIONS = (
					"DEBUG=1",
					"$(inherited)",
				);
				INFOPLIST_FILE = "2014.2.17Tests/2014.2.17Tests-Info.plist";
				PRODUCT_NAME = "$(TARGET_NAME)";
				TEST_HOST = "$(BUNDLE_LOADER)";
				WRAPPER_EXTENSION = xctest;
			};
			name = Debug;
		};
		6590E62B18B19CA1004F428D /* Release */ = {
			isa = XCBuildConfiguration;
			buildSettings = {
				ARCHS = "$(ARCHS_STANDARD_INCLUDING_64_BIT)";
				BUNDLE_LOADER = "$(BUILT_PRODUCTS_DIR)/2014.2.17.app/2014.2.17";
				FRAMEWORK_SEARCH_PATHS = (
					"$(SDKROOT)/Developer/Library/Frameworks",
					"$(inherited)",
					"$(DEVELOPER_FRAMEWORKS_DIR)",
				);
				GCC_PRECOMPILE_PREFIX_HEADER = YES;
				GCC_PREFIX_HEADER = "2014.2.17/2014.2.17-Prefix.pch";
				INFOPLIST_FILE = "2014.2.17Tests/2014.2.17Tests-Info.plist";
				PRODUCT_NAME = "$(TARGET_NAME)";
				TEST_HOST = "$(BUNDLE_LOADER)";
				WRAPPER_EXTENSION = xctest;
			};
			name = Release;
		};
/* End XCBuildConfiguration section */

/* Begin XCConfigurationList section */
		6590E5F518B19CA0004F428D /* Build configuration list for PBXProject "2014.2.17" */ = {
			isa = XCConfigurationList;
			buildConfigurations = (
				6590E62418B19CA1004F428D /* Debug */,
				6590E62518B19CA1004F428D /* Release */,
			);
			defaultConfigurationIsVisible = 0;
			defaultConfigurationName = Release;
		};
		6590E62618B19CA1004F428D /* Build configuration list for PBXNativeTarget "2014.2.17" */ = {
			isa = XCConfigurationList;
			buildConfigurations = (
				6590E62718B19CA1004F428D /* Debug */,
				6590E62818B19CA1004F428D /* Release */,
			);
			defaultConfigurationIsVisible = 0;
		};
		6590E62918B19CA1004F428D /* Build configuration list for PBXNativeTarget "2014.2.17Tests" */ = {
			isa = XCConfigurationList;
			buildConfigurations = (
				6590E62A18B19CA1004F428D /* Debug */,
				6590E62B18B19CA1004F428D /* Release */,
			);
			defaultConfigurationIsVisible = 0;
		};
/* End XCConfigurationList section */
	};
	rootObject = 6590E5F218B19CA0004F428D /* Project object */;
}
